
Microsoft Visual Studio Solution File, Format Version 12.00
# Visual Studio Version 16
VisualStudioVersion = 16.0.31005.135
MinimumVisualStudioVersion = 10.0.40219.1
Project("{FAE04EC0-301F-11D3-BF4B-00C04F79EFBC}") = "Algorithms", "Algorithms\Algorithms.csproj", "{80970351-3158-4C0C-885A-CAE0867F9EFF}"
EndProject
Global
	GlobalSection(SolutionConfigurationPlatforms) = preSolution
		Debug|Any CPU = Debug|Any CPU
		Release|Any CPU = Release|Any CPU
	EndGlobalSection
	GlobalSection(ProjectConfigurationPlatforms) = postSolution
		{80970351-3158-4C0C-885A-CAE0867F9EFF}.Debug|Any CPU.ActiveCfg = Debug|Any CPU
		{80970351-3158-4C0C-885A-CAE0867F9EFF}.Debug|Any CPU.Build.0 = Debug|Any CPU
		{80970351-3158-4C0C-885A-CAE0867F9EFF}.Release|Any CPU.ActiveCfg = Release|Any CPU
		{80970351-3158-4C0C-885A-CAE0867F9EFF}.Release|Any CPU.Build.0 = Release|Any CPU
	EndGlobalSection
	GlobalSection(SolutionProperties) = preSolution
		HideSolutionNode = FALSE
	EndGlobalSection
	GlobalSection(ExtensibilityGlobals) = postSolution
		SolutionGuid = {6B544C3B-3EFD-4305-9637-A462167FB21D}
	EndGlobalSection
EndGlobal
